
Microsoft Visual Studio Solution File, Format Version 12.00
# Visual Studio Version 16
VisualStudioVersion = 16.0.33920.266
MinimumVisualStudioVersion = 10.0.40219.1
Project("{FAE04EC0-301F-11D3-BF4B-00C04F79EFBC}") = "Control Electivas", "Control Electivas\Control Electivas.csproj", "{E254045D-E461-47E2-9938-5BF344581EA2}"
EndProject
Project("{FAE04EC0-301F-11D3-BF4B-00C04F79EFBC}") = "DAO", "DAO\DAO.csproj", "{C917A8D6-EAD9-4C1F-888C-AB7DF74721A0}"
EndProject
Project("{FAE04EC0-301F-11D3-BF4B-00C04F79EFBC}") = "NEGOCIO", "NEGOCIO\NEGOCIO.csproj", "{0C32DC96-F156-4C1F-ABED-3E428799F9FE}"
EndProject
Project("{FAE04EC0-301F-11D3-BF4B-00C04F79EFBC}") = "ENTIDADES", "ENTIDADES\ENTIDADES.csproj", "{6F3FA5A0-669D-4F3D-A9FE-0821F416D145}"
EndProject
Project("{FAE04EC0-301F-11D3-BF4B-00C04F79EFBC}") = "ProcesadorAvisosElectivas", "ProcesadorAvisosElectivas\ProcesadorAvisosElectivas.csproj", "{A38BB280-58F1-48FE-BFF9-FE871BBEC8EF}"
EndProject
Global
	GlobalSection(SolutionConfigurationPlatforms) = preSolution
		Debug|Any CPU = Debug|Any CPU
		Debug|ARM = Debug|ARM
		Debug|ARM64 = Debug|ARM64
		Debug|x64 = Debug|x64
		Debug|x86 = Debug|x86
		Release|Any CPU = Release|Any CPU
		Release|ARM = Release|ARM
		Release|ARM64 = Release|ARM64
		Release|x64 = Release|x64
		Release|x86 = Release|x86
	EndGlobalSection
	GlobalSection(ProjectConfigurationPlatforms) = postSolution
		{E254045D-E461-47E2-9938-5BF344581EA2}.Debug|Any CPU.ActiveCfg = Debug|Any CPU
		{E254045D-E461-47E2-9938-5BF344581EA2}.Debug|Any CPU.Build.0 = Debug|Any CPU
		{E254045D-E461-47E2-9938-5BF344581EA2}.Debug|ARM.ActiveCfg = Debug|Any CPU
		{E254045D-E461-47E2-9938-5BF344581EA2}.Debug|ARM.Build.0 = Debug|Any CPU
		{E254045D-E461-47E2-9938-5BF344581EA2}.Debug|ARM64.ActiveCfg = Debug|Any CPU
		{E254045D-E461-47E2-9938-5BF344581EA2}.Debug|ARM64.Build.0 = Debug|Any CPU
		{E254045D-E461-47E2-9938-5BF344581EA2}.Debug|x64.ActiveCfg = Debug|Any CPU
		{E254045D-E461-47E2-9938-5BF344581EA2}.Debug|x64.Build.0 = Debug|Any CPU
		{E254045D-E461-47E2-9938-5BF344581EA2}.Debug|x86.ActiveCfg = Debug|Any CPU
		{E254045D-E461-47E2-9938-5BF344581EA2}.Debug|x86.Build.0 = Debug|Any CPU
		{E254045D-E461-47E2-9938-5BF344581EA2}.Release|Any CPU.ActiveCfg = Release|Any CPU
		{E254045D-E461-47E2-9938-5BF344581EA2}.Release|Any CPU.Build.0 = Release|Any CPU
		{E254045D-E461-47E2-9938-5BF344581EA2}.Release|ARM.ActiveCfg = Release|Any CPU
		{E254045D-E461-47E2-9938-5BF344581EA2}.Release|ARM.Build.0 = Release|Any CPU
		{E254045D-E461-47E2-9938-5BF344581EA2}.Release|ARM64.ActiveCfg = Release|Any CPU
		{E254045D-E461-47E2-9938-5BF344581EA2}.Release|ARM64.Build.0 = Release|Any CPU
		{E254045D-E461-47E2-9938-5BF344581EA2}.Release|x64.ActiveCfg = Release|Any CPU
		{E254045D-E461-47E2-9938-5BF344581EA2}.Release|x64.Build.0 = Release|Any CPU
		{E254045D-E461-47E2-9938-5BF344581EA2}.Release|x86.ActiveCfg = Release|Any CPU
		{E254045D-E461-47E2-9938-5BF344581EA2}.Release|x86.Build.0 = Release|Any CPU
		{C917A8D6-EAD9-4C1F-888C-AB7DF74721A0}.Debug|Any CPU.ActiveCfg = Debug|Any CPU
		{C917A8D6-EAD9-4C1F-888C-AB7DF74721A0}.Debug|Any CPU.Build.0 = Debug|Any CPU
		{C917A8D6-EAD9-4C1F-888C-AB7DF74721A0}.Debug|ARM.ActiveCfg = Debug|Any CPU
		{C917A8D6-EAD9-4C1F-888C-AB7DF74721A0}.Debug|ARM.Build.0 = Debug|Any CPU
		{C917A8D6-EAD9-4C1F-888C-AB7DF74721A0}.Debug|ARM64.ActiveCfg = Debug|Any CPU
		{C917A8D6-EAD9-4C1F-888C-AB7DF74721A0}.Debug|ARM64.Build.0 = Debug|Any CPU
		{C917A8D6-EAD9-4C1F-888C-AB7DF74721A0}.Debug|x64.ActiveCfg = Debug|Any CPU
		{C917A8D6-EAD9-4C1F-888C-AB7DF74721A0}.Debug|x64.Build.0 = Debug|Any CPU
		{C917A8D6-EAD9-4C1F-888C-AB7DF74721A0}.Debug|x86.ActiveCfg = Debug|Any CPU
		{C917A8D6-EAD9-4C1F-888C-AB7DF74721A0}.Debug|x86.Build.0 = Debug|Any CPU
		{C917A8D6-EAD9-4C1F-888C-AB7DF74721A0}.Release|Any CPU.ActiveCfg = Release|Any CPU
		{C917A8D6-EAD9-4C1F-888C-AB7DF74721A0}.Release|Any CPU.Build.0 = Release|Any CPU
		{C917A8D6-EAD9-4C1F-888C-AB7DF74721A0}.Release|ARM.ActiveCfg = Release|Any CPU
		{C917A8D6-EAD9-4C1F-888C-AB7DF74721A0}.Release|ARM.Build.0 = Release|Any CPU
		{C917A8D6-EAD9-4C1F-888C-AB7DF74721A0}.Release|ARM64.ActiveCfg = Release|Any CPU
		{C917A8D6-EAD9-4C1F-888C-AB7DF74721A0}.Release|ARM64.Build.0 = Release|Any CPU
		{C917A8D6-EAD9-4C1F-888C-AB7DF74721A0}.Release|x64.ActiveCfg = Release|Any CPU
		{C917A8D6-EAD9-4C1F-888C-AB7DF74721A0}.Release|x64.Build.0 = Release|Any CPU
		{C917A8D6-EAD9-4C1F-888C-AB7DF74721A0}.Release|x86.ActiveCfg = Release|Any CPU
		{C917A8D6-EAD9-4C1F-888C-AB7DF74721A0}.Release|x86.Build.0 = Release|Any CPU
		{0C32DC96-F156-4C1F-ABED-3E428799F9FE}.Debug|Any CPU.ActiveCfg = Debug|Any CPU
		{0C32DC96-F156-4C1F-ABED-3E428799F9FE}.Debug|Any CPU.Build.0 = Debug|Any CPU
		{0C32DC96-F156-4C1F-ABED-3E428799F9FE}.Debug|ARM.ActiveCfg = Debug|Any CPU
		{0C32DC96-F156-4C1F-ABED-3E428799F9FE}.Debug|ARM.Build.0 = Debug|Any CPU
		{0C32DC96-F156-4C1F-ABED-3E428799F9FE}.Debug|ARM64.ActiveCfg = Debug|Any CPU
		{0C32DC96-F156-4C1F-ABED-3E428799F9FE}.Debug|ARM64.Build.0 = Debug|Any CPU
		{0C32DC96-F156-4C1F-ABED-3E428799F9FE}.Debug|x64.ActiveCfg = Debug|Any CPU
		{0C32DC96-F156-4C1F-ABED-3E428799F9FE}.Debug|x64.Build.0 = Debug|Any CPU
		{0C32DC96-F156-4C1F-ABED-3E428799F9FE}.Debug|x86.ActiveCfg = Debug|Any CPU
		{0C32DC96-F156-4C1F-ABED-3E428799F9FE}.Debug|x86.Build.0 = Debug|Any CPU
		{0C32DC96-F156-4C1F-ABED-3E428799F9FE}.Release|Any CPU.ActiveCfg = Release|Any CPU
		{0C32DC96-F156-4C1F-ABED-3E428799F9FE}.Release|Any CPU.Build.0 = Release|Any CPU
		{0C32DC96-F156-4C1F-ABED-3E428799F9FE}.Release|ARM.ActiveCfg = Release|Any CPU
		{0C32DC96-F156-4C1F-ABED-3E428799F9FE}.Release|ARM.Build.0 = Release|Any CPU
		{0C32DC96-F156-4C1F-ABED-3E428799F9FE}.Release|ARM64.ActiveCfg = Release|Any CPU
		{0C32DC96-F156-4C1F-ABED-3E428799F9FE}.Release|ARM64.Build.0 = Release|Any CPU
		{0C32DC96-F156-4C1F-ABED-3E428799F9FE}.Release|x64.ActiveCfg = Release|Any CPU
		{0C32DC96-F156-4C1F-ABED-3E428799F9FE}.Release|x64.Build.0 = Release|Any CPU
		{0C32DC96-F156-4C1F-ABED-3E428799F9FE}.Release|x86.ActiveCfg = Release|Any CPU
		{0C32DC96-F156-4C1F-ABED-3E428799F9FE}.Release|x86.Build.0 = Release|Any CPU
		{6F3FA5A0-669D-4F3D-A9FE-0821F416D145}.Debug|Any CPU.ActiveCfg = Debug|Any CPU
		{6F3FA5A0-669D-4F3D-A9FE-0821F416D145}.Debug|Any CPU.Build.0 = Debug|Any CPU
		{6F3FA5A0-669D-4F3D-A9FE-0821F416D145}.Debug|ARM.ActiveCfg = Debug|Any CPU
		{6F3FA5A0-669D-4F3D-A9FE-0821F416D145}.Debug|ARM.Build.0 = Debug|Any CPU
		{6F3FA5A0-669D-4F3D-A9FE-0821F416D145}.Debug|ARM64.ActiveCfg = Debug|Any CPU
		{6F3FA5A0-669D-4F3D-A9FE-0821F416D145}.Debug|ARM64.Build.0 = Debug|Any CPU
		{6F3FA5A0-669D-4F3D-A9FE-0821F416D145}.Debug|x64.ActiveCfg = Debug|Any CPU
		{6F3FA5A0-669D-4F3D-A9FE-0821F416D145}.Debug|x64.Build.0 = Debug|Any CPU
		{6F3FA5A0-669D-4F3D-A9FE-0821F416D145}.Debug|x86.ActiveCfg = Debug|Any CPU
		{6F3FA5A0-669D-4F3D-A9FE-0821F416D145}.Debug|x86.Build.0 = Debug|Any CPU
		{6F3FA5A0-669D-4F3D-A9FE-0821F416D145}.Release|Any CPU.ActiveCfg = Release|Any CPU
		{6F3FA5A0-669D-4F3D-A9FE-0821F416D145}.Release|Any CPU.Build.0 = Release|Any CPU
		{6F3FA5A0-669D-4F3D-A9FE-0821F416D145}.Release|ARM.ActiveCfg = Release|Any CPU
		{6F3FA5A0-669D-4F3D-A9FE-0821F416D145}.Release|ARM.Build.0 = Release|Any CPU
		{6F3FA5A0-669D-4F3D-A9FE-0821F416D145}.Release|ARM64.ActiveCfg = Release|Any CPU
		{6F3FA5A0-669D-4F3D-A9FE-0821F416D145}.Release|ARM64.Build.0 = Release|Any CPU
		{6F3FA5A0-669D-4F3D-A9FE-0821F416D145}.Release|x64.ActiveCfg = Release|Any CPU
		{6F3FA5A0-669D-4F3D-A9FE-0821F416D145}.Release|x64.Build.0 = Release|Any CPU
		{6F3FA5A0-669D-4F3D-A9FE-0821F416D145}.Release|x86.ActiveCfg = Release|Any CPU
		{6F3FA5A0-669D-4F3D-A9FE-0821F416D145}.Release|x86.Build.0 = Release|Any CPU
		{A38BB280-58F1-48FE-BFF9-FE871BBEC8EF}.Debug|Any CPU.ActiveCfg = Debug|Any CPU
		{A38BB280-58F1-48FE-BFF9-FE871BBEC8EF}.Debug|Any CPU.Build.0 = Debug|Any CPU
		{A38BB280-58F1-48FE-BFF9-FE871BBEC8EF}.Debug|ARM.ActiveCfg = Debug|Any CPU
		{A38BB280-58F1-48FE-BFF9-FE871BBEC8EF}.Debug|ARM.Build.0 = Debug|Any CPU
		{A38BB280-58F1-48FE-BFF9-FE871BBEC8EF}.Debug|ARM64.ActiveCfg = Debug|Any CPU
		{A38BB280-58F1-48FE-BFF9-FE871BBEC8EF}.Debug|ARM64.Build.0 = Debug|Any CPU
		{A38BB280-58F1-48FE-BFF9-FE871BBEC8EF}.Debug|x64.ActiveCfg = Debug|Any CPU
		{A38BB280-58F1-48FE-BFF9-FE871BBEC8EF}.Debug|x64.Build.0 = Debug|Any CPU
		{A38BB280-58F1-48FE-BFF9-FE871BBEC8EF}.Debug|x86.ActiveCfg = Debug|Any CPU
		{A38BB280-58F1-48FE-BFF9-FE871BBEC8EF}.Debug|x86.Build.0 = Debug|Any CPU
		{A38BB280-58F1-48FE-BFF9-FE871BBEC8EF}.Release|Any CPU.ActiveCfg = Release|Any CPU
		{A38BB280-58F1-48FE-BFF9-FE871BBEC8EF}.Release|Any CPU.Build.0 = Release|Any CPU
		{A38BB280-58F1-48FE-BFF9-FE871BBEC8EF}.Release|ARM.ActiveCfg = Release|Any CPU
		{A38BB280-58F1-48FE-BFF9-FE871BBEC8EF}.Release|ARM.Build.0 = Release|Any CPU
		{A38BB280-58F1-48FE-BFF9-FE871BBEC8EF}.Release|ARM64.ActiveCfg = Release|Any CPU
		{A38BB280-58F1-48FE-BFF9-FE871BBEC8EF}.Release|ARM64.Build.0 = Release|Any CPU
		{A38BB280-58F1-48FE-BFF9-FE871BBEC8EF}.Release|x64.ActiveCfg = Release|Any CPU
		{A38BB280-58F1-48FE-BFF9-FE871BBEC8EF}.Release|x64.Build.0 = Release|Any CPU
		{A38BB280-58F1-48FE-BFF9-FE871BBEC8EF}.Release|x86.ActiveCfg = Release|Any CPU
		{A38BB280-58F1-48FE-BFF9-FE871BBEC8EF}.Release|x86.Build.0 = Release|Any CPU
	EndGlobalSection
	GlobalSection(SolutionProperties) = preSolution
		HideSolutionNode = FALSE
	EndGlobalSection
	GlobalSection(ExtensibilityGlobals) = postSolution
		SolutionGuid = {85A7F84F-8695-48CE-AA4A-8A87A5B7C337}
	EndGlobalSection
EndGlobal
